// !$*UTF8*$!
{
	archiveVersion = 1;
	classes = {
	};
	objectVersion = 77;
	objects = {

/* Begin PBXBuildFile section */
		6D4E14692ED2CE1C00355F11 /* gemma-3-4b-it-q4_0.gguf in Resources */ = {isa = PBXBuildFile; fileRef = 6D4E14672ED2CE1C00355F11 /* gemma-3-4b-it-q4_0.gguf */; };
		6D4E146A2ED2CE1C00355F11 /* llama-server in Resources */ = {isa = PBXBuildFile; fileRef = 6D4E14682ED2CE1C00355F11 /* llama-server */; };
		6D4E146D2ED2CE1C00355F11 /* libmtmd.dylib in CopyFiles */ = {isa = PBXBuildFile; fileRef = 6D4E146C2ED2CE1C00355F11 /* libmtmd.dylib */; settings = {ATTRIBUTES = (CodeSignOnCopy, ); }; };
		6D4E14712ED2CE1C00355F11 /* libllama.dylib in CopyFiles */ = {isa = PBXBuildFile; fileRef = 6D4E14702ED2CE1C00355F11 /* libllama.dylib */; settings = {ATTRIBUTES = (CodeSignOnCopy, ); }; };
		6D4E14742ED2CE1C00355F11 /* libggml.dylib in CopyFiles */ = {isa = PBXBuildFile; fileRef = 6D4E14732ED2CE1C00355F11 /* libggml.dylib */; settings = {ATTRIBUTES = (CodeSignOnCopy, ); }; };
		6D4E14772ED2CE1C00355F11 /* libggml-cpu.dylib in CopyFiles */ = {isa = PBXBuildFile; fileRef = 6D4E14762ED2CE1C00355F11 /* libggml-cpu.dylib */; settings = {ATTRIBUTES = (CodeSignOnCopy, ); }; };
		6D4E147A2ED2CE1C00355F11 /* libggml-blas.dylib in CopyFiles */ = {isa = PBXBuildFile; fileRef = 6D4E14792ED2CE1C00355F11 /* libggml-blas.dylib */; settings = {ATTRIBUTES = (CodeSignOnCopy, ); }; };
		6D4E147D2ED2CE1C00355F11 /* libggml-metal.dylib in CopyFiles */ = {isa = PBXBuildFile; fileRef = 6D4E147C2ED2CE1C00355F11 /* libggml-metal.dylib */; settings = {ATTRIBUTES = (CodeSignOnCopy, ); }; };
		6D4E14802ED2CE1C00355F11 /* libggml-base.dylib in CopyFiles */ = {isa = PBXBuildFile; fileRef = 6D4E147F2ED2CE1C00355F11 /* libggml-base.dylib */; settings = {ATTRIBUTES = (CodeSignOnCopy, ); }; };
/* End PBXBuildFile section */

/* Begin PBXFileReference section */
		6D4E14322ED2C2BE00355F11 /* Fragment.app */ = {isa = PBXFileReference; explicitFileType = wrapper.application; includeInIndex = 0; path = Fragment.app; sourceTree = BUILT_PRODUCTS_DIR; };
		6D4E14672ED2CE1C00355F11 /* gemma-3-4b-it-q4_0.gguf */ = {isa = PBXFileReference; lastKnownFileType = file; path = "gemma-3-4b-it-q4_0.gguf"; sourceTree = "<group>"; };
		6D4E14682ED2CE1C00355F11 /* llama-server */ = {isa = PBXFileReference; lastKnownFileType = "compiled.mach-o.executable"; path = "llama-server"; sourceTree = "<group>"; };
		6D4E146C2ED2CE1C00355F11 /* libmtmd.dylib */ = {isa = PBXFileReference; lastKnownFileType = "compiled.mach-o.dylib"; path = libmtmd.dylib; sourceTree = "<group>"; };
		6D4E14702ED2CE1C00355F11 /* libllama.dylib */ = {isa = PBXFileReference; lastKnownFileType = "compiled.mach-o.dylib"; path = libllama.dylib; sourceTree = "<group>"; };
		6D4E14732ED2CE1C00355F11 /* libggml.dylib */ = {isa = PBXFileReference; lastKnownFileType = "compiled.mach-o.dylib"; path = libggml.dylib; sourceTree = "<group>"; };
		6D4E14762ED2CE1C00355F11 /* libggml-cpu.dylib */ = {isa = PBXFileReference; lastKnownFileType = "compiled.mach-o.dylib"; path = "libggml-cpu.dylib"; sourceTree = "<group>"; };
		6D4E14792ED2CE1C00355F11 /* libggml-blas.dylib */ = {isa = PBXFileReference; lastKnownFileType = "compiled.mach-o.dylib"; path = "libggml-blas.dylib"; sourceTree = "<group>"; };
		6D4E147C2ED2CE1C00355F11 /* libggml-metal.dylib */ = {isa = PBXFileReference; lastKnownFileType = "compiled.mach-o.dylib"; path = "libggml-metal.dylib"; sourceTree = "<group>"; };
		6D4E147F2ED2CE1C00355F11 /* libggml-base.dylib */ = {isa = PBXFileReference; lastKnownFileType = "compiled.mach-o.dylib"; path = "libggml-base.dylib"; sourceTree = "<group>"; };
/* End PBXFileReference section */

/* Begin PBXFileSystemSynchronizedRootGroup section */
		6D4E14342ED2C2BE00355F11 /* Fragment */ = {
			isa = PBXFileSystemSynchronizedRootGroup;
			path = Fragment;
			sourceTree = "<group>";
		};
/* End PBXFileSystemSynchronizedRootGroup section */

/* Begin PBXCopyFilesBuildPhase section */
		6D4E146E2ED2CE1C00355F11 /* CopyFiles */ = {
			isa = PBXCopyFilesBuildPhase;
			buildActionMask = 2147483647;
			dstPath = "";
			dstSubfolderSpec = 10;
			files = (
				6D4E146D2ED2CE1C00355F11 /* libmtmd.dylib in CopyFiles */,
				6D4E14712ED2CE1C00355F11 /* libllama.dylib in CopyFiles */,
				6D4E14742ED2CE1C00355F11 /* libggml.dylib in CopyFiles */,
				6D4E14772ED2CE1C00355F11 /* libggml-cpu.dylib in CopyFiles */,
				6D4E147A2ED2CE1C00355F11 /* libggml-blas.dylib in CopyFiles */,
				6D4E147D2ED2CE1C00355F11 /* libggml-metal.dylib in CopyFiles */,
				6D4E14802ED2CE1C00355F11 /* libggml-base.dylib in CopyFiles */,
			);
			runOnlyForDeploymentPostprocessing = 0;
		};
/* End PBXCopyFilesBuildPhase section */

/* Begin PBXFrameworksBuildPhase section */
		6D4E142F2ED2C2BE00355F11 /* Frameworks */ = {
			isa = PBXFrameworksBuildPhase;
			buildActionMask = 2147483647;
			files = (
			);
			runOnlyForDeploymentPostprocessing = 0;
		};
/* End PBXFrameworksBuildPhase section */

/* Begin PBXGroup section */
	6D4E14292ED2C2BE00355F11 = {
		isa = PBXGroup;
		children = (
			6D4E14672ED2CE1C00355F11 /* gemma-3-4b-it-q4_0.gguf */,
			6D4E14682ED2CE1C00355F11 /* llama-server */,
			6D4E146C2ED2CE1C00355F11 /* libmtmd.dylib */,
			6D4E14702ED2CE1C00355F11 /* libllama.dylib */,
			6D4E14732ED2CE1C00355F11 /* libggml.dylib */,
			6D4E14762ED2CE1C00355F11 /* libggml-cpu.dylib */,
			6D4E14792ED2CE1C00355F11 /* libggml-blas.dylib */,
			6D4E147C2ED2CE1C00355F11 /* libggml-metal.dylib */,
			6D4E147F2ED2CE1C00355F11 /* libggml-base.dylib */,
			6D4E14342ED2C2BE00355F11 /* Fragment */,
			6D4E14332ED2C2BE00355F11 /* Products */,
		);
		sourceTree = "<group>";
	};
		6D4E14332ED2C2BE00355F11 /* Products */ = {
			isa = PBXGroup;
			children = (
				6D4E14322ED2C2BE00355F11 /* Fragment.app */,
			);
			name = Products;
			sourceTree = "<group>";
		};
/* End PBXGroup section */

/* Begin PBXNativeTarget section */
	6D4E14312ED2C2BE00355F11 /* Fragment */ = {
		isa = PBXNativeTarget;
		buildConfigurationList = 6D4E143D2ED2C2BF00355F11 /* Build configuration list for PBXNativeTarget "Fragment" */;
		buildPhases = (
			6D4E142E2ED2C2BE00355F11 /* Sources */,
			6D4E142F2ED2C2BE00355F11 /* Frameworks */,
			6D4E14302ED2C2BE00355F11 /* Resources */,
			6D4E146E2ED2CE1C00355F11 /* CopyFiles */,
		);
		buildRules = (
		);
		dependencies = (
		);
		fileSystemSynchronizedGroups = (
			6D4E14342ED2C2BE00355F11 /* Fragment */,
		);
		name = Fragment;
		packageProductDependencies = (
		);
		productName = Fragment;
		productReference = 6D4E14322ED2C2BE00355F11 /* Fragment.app */;
		productType = "com.apple.product-type.application";
	};
/* End PBXNativeTarget section */

/* Begin PBXProject section */
		6D4E142A2ED2C2BE00355F11 /* Project object */ = {
			isa = PBXProject;
			attributes = {
				BuildIndependentTargetsInParallel = 1;
				LastSwiftUpdateCheck = 2610;
				LastUpgradeCheck = 2610;
				TargetAttributes = {
					6D4E14312ED2C2BE00355F11 = {
						CreatedOnToolsVersion = 26.1.1;
					};
				};
			};
			buildConfigurationList = 6D4E142D2ED2C2BE00355F11 /* Build configuration list for PBXProject "Fragment" */;
			developmentRegion = en;
			hasScannedForEncodings = 0;
			knownRegions = (
				en,
				Base,
			);
			mainGroup = 6D4E14292ED2C2BE00355F11;
			minimizedProjectReferenceProxies = 1;
			preferredProjectObjectVersion = 77;
			productRefGroup = 6D4E14332ED2C2BE00355F11 /* Products */;
			projectDirPath = "";
			projectRoot = "";
			targets = (
				6D4E14312ED2C2BE00355F11 /* Fragment */,
			);
		};
/* End PBXProject section */

/* Begin PBXResourcesBuildPhase section */
		6D4E14302ED2C2BE00355F11 /* Resources */ = {
			isa = PBXResourcesBuildPhase;
			buildActionMask = 2147483647;
			files = (
				6D4E14692ED2CE1C00355F11 /* gemma-3-4b-it-q4_0.gguf in Resources */,
				6D4E146A2ED2CE1C00355F11 /* llama-server in Resources */,
			);
			runOnlyForDeploymentPostprocessing = 0;
		};
/* End PBXResourcesBuildPhase section */

/* Begin PBXSourcesBuildPhase section */
		6D4E142E2ED2C2BE00355F11 /* Sources */ = {
			isa = PBXSourcesBuildPhase;
			buildActionMask = 2147483647;
			files = (
			);
			runOnlyForDeploymentPostprocessing = 0;
		};
/* End PBXSourcesBuildPhase section */

/* Begin XCBuildConfiguration section */
		6D4E143B2ED2C2BF00355F11 /* Debug */ = {
			isa = XCBuildConfiguration;
			buildSettings = {
				ALWAYS_SEARCH_USER_PATHS = NO;
				ASSETCATALOG_COMPILER_GENERATE_SWIFT_ASSET_SYMBOL_EXTENSIONS = YES;
				CLANG_ANALYZER_NONNULL = YES;
				CLANG_ANALYZER_NUMBER_OBJECT_CONVERSION = YES_AGGRESSIVE;
				CLANG_CXX_LANGUAGE_STANDARD = "gnu++20";
				CLANG_ENABLE_MODULES = YES;
				CLANG_ENABLE_OBJC_ARC = YES;
				CLANG_ENABLE_OBJC_WEAK = YES;
				CLANG_WARN_BLOCK_CAPTURE_AUTORELEASING = YES;
				CLANG_WARN_BOOL_CONVERSION = YES;
				CLANG_WARN_COMMA = YES;
				CLANG_WARN_CONSTANT_CONVERSION = YES;
				CLANG_WARN_DEPRECATED_OBJC_IMPLEMENTATIONS = YES;
				CLANG_WARN_DIRECT_OBJC_ISA_USAGE = YES_ERROR;
				CLANG_WARN_DOCUMENTATION_COMMENTS = YES;
				CLANG_WARN_EMPTY_BODY = YES;
				CLANG_WARN_ENUM_CONVERSION = YES;
				CLANG_WARN_INFINITE_RECURSION = YES;
				CLANG_WARN_INT_CONVERSION = YES;
				CLANG_WARN_NON_LITERAL_NULL_CONVERSION = YES;
				CLANG_WARN_OBJC_IMPLICIT_RETAIN_SELF = YES;
				CLANG_WARN_OBJC_LITERAL_CONVERSION = YES;
				CLANG_WARN_OBJC_ROOT_CLASS = YES_ERROR;
				CLANG_WARN_QUOTED_INCLUDE_IN_FRAMEWORK_HEADER = YES;
				CLANG_WARN_RANGE_LOOP_ANALYSIS = YES;
				CLANG_WARN_STRICT_PROTOTYPES = YES;
				CLANG_WARN_SUSPICIOUS_MOVE = YES;
				CLANG_WARN_UNGUARDED_AVAILABILITY = YES_AGGRESSIVE;
				CLANG_WARN_UNREACHABLE_CODE = YES;
				CLANG_WARN__DUPLICATE_METHOD_MATCH = YES;
				COPY_PHASE_STRIP = NO;
				DEBUG_INFORMATION_FORMAT = dwarf;
				DEVELOPMENT_TEAM = 4F93UB4Z3L;
				ENABLE_STRICT_OBJC_MSGSEND = YES;
				ENABLE_TESTABILITY = YES;
				ENABLE_USER_SCRIPT_SANDBOXING = YES;
				GCC_C_LANGUAGE_STANDARD = gnu17;
				GCC_DYNAMIC_NO_PIC = NO;
				GCC_NO_COMMON_BLOCKS = YES;
				GCC_OPTIMIZATION_LEVEL = 0;
				GCC_PREPROCESSOR_DEFINITIONS = (
					"DEBUG=1",
					"$(inherited)",
				);
				GCC_WARN_64_TO_32_BIT_CONVERSION = YES;
				GCC_WARN_ABOUT_RETURN_TYPE = YES_ERROR;
				GCC_WARN_UNDECLARED_SELECTOR = YES;
				GCC_WARN_UNINITIALIZED_AUTOS = YES_AGGRESSIVE;
				GCC_WARN_UNUSED_FUNCTION = YES;
				GCC_WARN_UNUSED_VARIABLE = YES;
				LOCALIZATION_PREFERS_STRING_CATALOGS = YES;
				MACOSX_DEPLOYMENT_TARGET = 15.6;
				MTL_ENABLE_DEBUG_INFO = INCLUDE_SOURCE;
				MTL_FAST_MATH = YES;
				ONLY_ACTIVE_ARCH = YES;
				SDKROOT = macosx;
				SWIFT_ACTIVE_COMPILATION_CONDITIONS = "DEBUG $(inherited)";
				SWIFT_OPTIMIZATION_LEVEL = "-Onone";
			};
			name = Debug;
		};
		6D4E143C2ED2C2BF00355F11 /* Release */ = {
			isa = XCBuildConfiguration;
			buildSettings = {
				ALWAYS_SEARCH_USER_PATHS = NO;
				ASSETCATALOG_COMPILER_GENERATE_SWIFT_ASSET_SYMBOL_EXTENSIONS = YES;
				CLANG_ANALYZER_NONNULL = YES;
				CLANG_ANALYZER_NUMBER_OBJECT_CONVERSION = YES_AGGRESSIVE;
				CLANG_CXX_LANGUAGE_STANDARD = "gnu++20";
				CLANG_ENABLE_MODULES = YES;
				CLANG_ENABLE_OBJC_ARC = YES;
				CLANG_ENABLE_OBJC_WEAK = YES;
				CLANG_WARN_BLOCK_CAPTURE_AUTORELEASING = YES;
				CLANG_WARN_BOOL_CONVERSION = YES;
				CLANG_WARN_COMMA = YES;
				CLANG_WARN_CONSTANT_CONVERSION = YES;
				CLANG_WARN_DEPRECATED_OBJC_IMPLEMENTATIONS = YES;
				CLANG_WARN_DIRECT_OBJC_ISA_USAGE = YES_ERROR;
				CLANG_WARN_DOCUMENTATION_COMMENTS = YES;
				CLANG_WARN_EMPTY_BODY = YES;
				CLANG_WARN_ENUM_CONVERSION = YES;
				CLANG_WARN_INFINITE_RECURSION = YES;
				CLANG_WARN_INT_CONVERSION = YES;
				CLANG_WARN_NON_LITERAL_NULL_CONVERSION = YES;
				CLANG_WARN_OBJC_IMPLICIT_RETAIN_SELF = YES;
				CLANG_WARN_OBJC_LITERAL_CONVERSION = YES;
				CLANG_WARN_OBJC_ROOT_CLASS = YES_ERROR;
				CLANG_WARN_QUOTED_INCLUDE_IN_FRAMEWORK_HEADER = YES;
				CLANG_WARN_RANGE_LOOP_ANALYSIS = YES;
				CLANG_WARN_STRICT_PROTOTYPES = YES;
				CLANG_WARN_SUSPICIOUS_MOVE = YES;
				CLANG_WARN_UNGUARDED_AVAILABILITY = YES_AGGRESSIVE;
				CLANG_WARN_UNREACHABLE_CODE = YES;
				CLANG_WARN__DUPLICATE_METHOD_MATCH = YES;
				COPY_PHASE_STRIP = NO;
				DEBUG_INFORMATION_FORMAT = "dwarf-with-dsym";
				DEVELOPMENT_TEAM = 4F93UB4Z3L;
				ENABLE_NS_ASSERTIONS = NO;
				ENABLE_STRICT_OBJC_MSGSEND = YES;
				ENABLE_USER_SCRIPT_SANDBOXING = YES;
				GCC_C_LANGUAGE_STANDARD = gnu17;
				GCC_NO_COMMON_BLOCKS = YES;
				GCC_WARN_64_TO_32_BIT_CONVERSION = YES;
				GCC_WARN_ABOUT_RETURN_TYPE = YES_ERROR;
				GCC_WARN_UNDECLARED_SELECTOR = YES;
				GCC_WARN_UNINITIALIZED_AUTOS = YES_AGGRESSIVE;
				GCC_WARN_UNUSED_FUNCTION = YES;
				GCC_WARN_UNUSED_VARIABLE = YES;
				LOCALIZATION_PREFERS_STRING_CATALOGS = YES;
				MACOSX_DEPLOYMENT_TARGET = 15.6;
				MTL_ENABLE_DEBUG_INFO = NO;
				MTL_FAST_MATH = YES;
				SDKROOT = macosx;
				SWIFT_COMPILATION_MODE = wholemodule;
			};
			name = Release;
		};
		6D4E143E2ED2C2BF00355F11 /* Debug */ = {
			isa = XCBuildConfiguration;
			buildSettings = {
				ASSETCATALOG_COMPILER_APPICON_NAME = AppIcon;
				ASSETCATALOG_COMPILER_GLOBAL_ACCENT_COLOR_NAME = AccentColor;
				CODE_SIGN_STYLE = Automatic;
				COMBINE_HIDPI_IMAGES = YES;
				CURRENT_PROJECT_VERSION = 1;
				DEVELOPMENT_TEAM = 4F93UB4Z3L;
				ENABLE_APP_SANDBOX = YES;
				ENABLE_HARDENED_RUNTIME = YES;
				ENABLE_INCOMING_NETWORK_CONNECTIONS = YES;
				ENABLE_OUTGOING_NETWORK_CONNECTIONS = YES;
				ENABLE_PREVIEWS = YES;
				ENABLE_RESOURCE_ACCESS_AUDIO_INPUT = NO;
				ENABLE_RESOURCE_ACCESS_BLUETOOTH = NO;
				ENABLE_RESOURCE_ACCESS_CALENDARS = NO;
				ENABLE_RESOURCE_ACCESS_CAMERA = NO;
				ENABLE_RESOURCE_ACCESS_CONTACTS = NO;
				ENABLE_RESOURCE_ACCESS_LOCATION = NO;
				ENABLE_RESOURCE_ACCESS_PRINTING = NO;
				ENABLE_RESOURCE_ACCESS_USB = NO;
				ENABLE_USER_SELECTED_FILES = readonly;
				GENERATE_INFOPLIST_FILE = YES;
				INFOPLIST_KEY_NSHumanReadableCopyright = "";
				LD_RUNPATH_SEARCH_PATHS = (
					"$(inherited)",
					"@executable_path/../Frameworks",
				);
				LIBRARY_SEARCH_PATHS = (
					"$(inherited)",
					"$(PROJECT_DIR)/Fragment",
				);
				MARKETING_VERSION = 1.0;
				PRODUCT_BUNDLE_IDENTIFIER = com.atharvalade.Fragment;
				PRODUCT_NAME = "$(TARGET_NAME)";
				REGISTER_APP_GROUPS = YES;
				STRING_CATALOG_GENERATE_SYMBOLS = YES;
				SWIFT_APPROACHABLE_CONCURRENCY = YES;
				SWIFT_DEFAULT_ACTOR_ISOLATION = MainActor;
				SWIFT_EMIT_LOC_STRINGS = YES;
				SWIFT_UPCOMING_FEATURE_MEMBER_IMPORT_VISIBILITY = YES;
				SWIFT_VERSION = 5.0;
			};
			name = Debug;
		};
		6D4E143F2ED2C2BF00355F11 /* Release */ = {
			isa = XCBuildConfiguration;
			buildSettings = {
				ASSETCATALOG_COMPILER_APPICON_NAME = AppIcon;
				ASSETCATALOG_COMPILER_GLOBAL_ACCENT_COLOR_NAME = AccentColor;
				CODE_SIGN_STYLE = Automatic;
				COMBINE_HIDPI_IMAGES = YES;
				CURRENT_PROJECT_VERSION = 1;
				DEVELOPMENT_TEAM = 4F93UB4Z3L;
				ENABLE_APP_SANDBOX = YES;
				ENABLE_HARDENED_RUNTIME = YES;
				ENABLE_INCOMING_NETWORK_CONNECTIONS = YES;
				ENABLE_OUTGOING_NETWORK_CONNECTIONS = YES;
				ENABLE_PREVIEWS = YES;
				ENABLE_RESOURCE_ACCESS_AUDIO_INPUT = NO;
				ENABLE_RESOURCE_ACCESS_BLUETOOTH = NO;
				ENABLE_RESOURCE_ACCESS_CALENDARS = NO;
				ENABLE_RESOURCE_ACCESS_CAMERA = NO;
				ENABLE_RESOURCE_ACCESS_CONTACTS = NO;
				ENABLE_RESOURCE_ACCESS_LOCATION = NO;
				ENABLE_RESOURCE_ACCESS_PRINTING = NO;
				ENABLE_RESOURCE_ACCESS_USB = NO;
				ENABLE_USER_SELECTED_FILES = readonly;
				GENERATE_INFOPLIST_FILE = YES;
				INFOPLIST_KEY_NSHumanReadableCopyright = "";
				LD_RUNPATH_SEARCH_PATHS = (
					"$(inherited)",
					"@executable_path/../Frameworks",
				);
				LIBRARY_SEARCH_PATHS = (
					"$(inherited)",
					"$(PROJECT_DIR)/Fragment",
				);
				MARKETING_VERSION = 1.0;
				PRODUCT_BUNDLE_IDENTIFIER = com.atharvalade.Fragment;
				PRODUCT_NAME = "$(TARGET_NAME)";
				REGISTER_APP_GROUPS = YES;
				STRING_CATALOG_GENERATE_SYMBOLS = YES;
				SWIFT_APPROACHABLE_CONCURRENCY = YES;
				SWIFT_DEFAULT_ACTOR_ISOLATION = MainActor;
				SWIFT_EMIT_LOC_STRINGS = YES;
				SWIFT_UPCOMING_FEATURE_MEMBER_IMPORT_VISIBILITY = YES;
				SWIFT_VERSION = 5.0;
			};
			name = Release;
		};
/* End XCBuildConfiguration section */

/* Begin XCConfigurationList section */
		6D4E142D2ED2C2BE00355F11 /* Build configuration list for PBXProject "Fragment" */ = {
			isa = XCConfigurationList;
			buildConfigurations = (
				6D4E143B2ED2C2BF00355F11 /* Debug */,
				6D4E143C2ED2C2BF00355F11 /* Release */,
			);
			defaultConfigurationIsVisible = 0;
			defaultConfigurationName = Release;
		};
		6D4E143D2ED2C2BF00355F11 /* Build configuration list for PBXNativeTarget "Fragment" */ = {
			isa = XCConfigurationList;
			buildConfigurations = (
				6D4E143E2ED2C2BF00355F11 /* Debug */,
				6D4E143F2ED2C2BF00355F11 /* Release */,
			);
			defaultConfigurationIsVisible = 0;
			defaultConfigurationName = Release;
		};
/* End XCConfigurationList section */
	};
	rootObject = 6D4E142A2ED2C2BE00355F11 /* Project object */;
}
